
Microsoft Visual Studio Solution File, Format Version 12.00
# Visual Studio Version 16
VisualStudioVersion = 16.0.29509.3
MinimumVisualStudioVersion = 10.0.40219.1
Project("{9A19103F-16F7-4668-BE54-9A1E7A4F7556}") = "DAGH.Core.Abstractions", "DAGH.Core.Abstractions\DAGH.Core.Abstractions.csproj", "{2581F2C7-1D6E-46C1-BBBF-FAACC9EE96F0}"
EndProject
Project("{9A19103F-16F7-4668-BE54-9A1E7A4F7556}") = "DAGH.Core.Adapter.log4net", "DAGH.Core.Adapter.Log4net\DAGH.Core.Adapter.log4net.csproj", "{7A96EB17-BDE5-43BA-80B9-DE94FE4D82E5}"
EndProject
Project("{9A19103F-16F7-4668-BE54-9A1E7A4F7556}") = "DAGH.Core.Adapter.Unity", "DAGH.Core.Adapter.Unity\DAGH.Core.Adapter.Unity.csproj", "{CF5B2A84-68C7-40AB-8A32-9B9170E1CE2F}"
EndProject
Project("{FAE04EC0-301F-11D3-BF4B-00C04F79EFBC}") = "DAGH.ASP.Web.Nuget", "DAGH.ASP.Web.Nuget\DAGH.ASP.Web.Nuget.csproj", "{3A7E51E8-5A71-4018-ABF7-3D8C23E528EA}"
EndProject
Project("{9A19103F-16F7-4668-BE54-9A1E7A4F7556}") = "DAGH.Core.Connection.Factory.TCP", "DAGH.Core.Connection.Factory.TCP\DAGH.Core.Connection.Factory.TCP.csproj", "{D0B8DF72-8C8B-4012-9118-CE25D8DE45A4}"
EndProject
Project("{2150E333-8FDC-42A3-9474-1A3956D46DE8}") = "Tests", "Tests", "{B6A93DE4-B09C-44E6-9D13-2C68DBF9A427}"
EndProject
Project("{9A19103F-16F7-4668-BE54-9A1E7A4F7556}") = "DAGH.Core.Connection.Factory.TCP.Tests", "DAGH.Core.Connection.Factory.TCP.Tests\DAGH.Core.Connection.Factory.TCP.Tests.csproj", "{6F61F39F-210D-4DD3-BF2A-CD542F0CFE6A}"
EndProject
Project("{FAE04EC0-301F-11D3-BF4B-00C04F79EFBC}") = "DAGH.Core.Connection.Factory.Mock", "DAGH.Core.Connection.Factory.Mock\DAGH.Core.Connection.Factory.Mock.csproj", "{DE6D990C-4FC1-4596-A23F-CB24F4D882E5}"
EndProject
Global
	GlobalSection(SolutionConfigurationPlatforms) = preSolution
		Debug|Any CPU = Debug|Any CPU
		Release|Any CPU = Release|Any CPU
	EndGlobalSection
	GlobalSection(ProjectConfigurationPlatforms) = postSolution
		{2581F2C7-1D6E-46C1-BBBF-FAACC9EE96F0}.Debug|Any CPU.ActiveCfg = Debug|Any CPU
		{2581F2C7-1D6E-46C1-BBBF-FAACC9EE96F0}.Debug|Any CPU.Build.0 = Debug|Any CPU
		{2581F2C7-1D6E-46C1-BBBF-FAACC9EE96F0}.Release|Any CPU.ActiveCfg = Release|Any CPU
		{2581F2C7-1D6E-46C1-BBBF-FAACC9EE96F0}.Release|Any CPU.Build.0 = Release|Any CPU
		{7A96EB17-BDE5-43BA-80B9-DE94FE4D82E5}.Debug|Any CPU.ActiveCfg = Debug|Any CPU
		{7A96EB17-BDE5-43BA-80B9-DE94FE4D82E5}.Debug|Any CPU.Build.0 = Debug|Any CPU
		{7A96EB17-BDE5-43BA-80B9-DE94FE4D82E5}.Release|Any CPU.ActiveCfg = Release|Any CPU
		{7A96EB17-BDE5-43BA-80B9-DE94FE4D82E5}.Release|Any CPU.Build.0 = Release|Any CPU
		{CF5B2A84-68C7-40AB-8A32-9B9170E1CE2F}.Debug|Any CPU.ActiveCfg = Debug|Any CPU
		{CF5B2A84-68C7-40AB-8A32-9B9170E1CE2F}.Debug|Any CPU.Build.0 = Debug|Any CPU
		{CF5B2A84-68C7-40AB-8A32-9B9170E1CE2F}.Release|Any CPU.ActiveCfg = Release|Any CPU
		{CF5B2A84-68C7-40AB-8A32-9B9170E1CE2F}.Release|Any CPU.Build.0 = Release|Any CPU
		{3A7E51E8-5A71-4018-ABF7-3D8C23E528EA}.Debug|Any CPU.ActiveCfg = Debug|Any CPU
		{3A7E51E8-5A71-4018-ABF7-3D8C23E528EA}.Debug|Any CPU.Build.0 = Debug|Any CPU
		{3A7E51E8-5A71-4018-ABF7-3D8C23E528EA}.Release|Any CPU.ActiveCfg = Release|Any CPU
		{3A7E51E8-5A71-4018-ABF7-3D8C23E528EA}.Release|Any CPU.Build.0 = Release|Any CPU
		{D0B8DF72-8C8B-4012-9118-CE25D8DE45A4}.Debug|Any CPU.ActiveCfg = Debug|Any CPU
		{D0B8DF72-8C8B-4012-9118-CE25D8DE45A4}.Debug|Any CPU.Build.0 = Debug|Any CPU
		{D0B8DF72-8C8B-4012-9118-CE25D8DE45A4}.Release|Any CPU.ActiveCfg = Release|Any CPU
		{D0B8DF72-8C8B-4012-9118-CE25D8DE45A4}.Release|Any CPU.Build.0 = Release|Any CPU
		{6F61F39F-210D-4DD3-BF2A-CD542F0CFE6A}.Debug|Any CPU.ActiveCfg = Debug|Any CPU
		{6F61F39F-210D-4DD3-BF2A-CD542F0CFE6A}.Debug|Any CPU.Build.0 = Debug|Any CPU
		{6F61F39F-210D-4DD3-BF2A-CD542F0CFE6A}.Release|Any CPU.ActiveCfg = Release|Any CPU
		{6F61F39F-210D-4DD3-BF2A-CD542F0CFE6A}.Release|Any CPU.Build.0 = Release|Any CPU
		{DE6D990C-4FC1-4596-A23F-CB24F4D882E5}.Debug|Any CPU.ActiveCfg = Debug|Any CPU
		{DE6D990C-4FC1-4596-A23F-CB24F4D882E5}.Debug|Any CPU.Build.0 = Debug|Any CPU
		{DE6D990C-4FC1-4596-A23F-CB24F4D882E5}.Release|Any CPU.ActiveCfg = Release|Any CPU
		{DE6D990C-4FC1-4596-A23F-CB24F4D882E5}.Release|Any CPU.Build.0 = Release|Any CPU
	EndGlobalSection
	GlobalSection(SolutionProperties) = preSolution
		HideSolutionNode = FALSE
	EndGlobalSection
	GlobalSection(NestedProjects) = preSolution
		{6F61F39F-210D-4DD3-BF2A-CD542F0CFE6A} = {B6A93DE4-B09C-44E6-9D13-2C68DBF9A427}
	EndGlobalSection
	GlobalSection(ExtensibilityGlobals) = postSolution
		SolutionGuid = {694634F0-4BC2-4C65-8B7E-A4696A8A8EC0}
	EndGlobalSection
EndGlobal
